
Microsoft Visual Studio Solution File, Format Version 12.00
# Visual Studio 2015
Project("{FAE04EC0-301F-11D3-BF4B-00C04F79EFBC}") = "TFG-Proyecto-Manhattan.CSharp", "TFG-Proyecto-Manhattan.CSharp.csproj", "{80894557-C55A-E7B8-77B7-FF829BBD8878}"
EndProject
Project("{FAE04EC0-301F-11D3-BF4B-00C04F79EFBC}") = "TFG-Proyecto-Manhattan.CSharp.Editor", "TFG-Proyecto-Manhattan.CSharp.Editor.csproj", "{8E0765BB-736D-31B1-E94C-546953DB7030}"
EndProject
Global
	GlobalSection(SolutionConfigurationPlatforms) = preSolution
		Debug|Any CPU = Debug|Any CPU
		Release|Any CPU = Release|Any CPU
	EndGlobalSection
	GlobalSection(ProjectConfigurationPlatforms) = postSolution
		{80894557-C55A-E7B8-77B7-FF829BBD8878}.Debug|Any CPU.ActiveCfg = Debug|Any CPU
		{80894557-C55A-E7B8-77B7-FF829BBD8878}.Debug|Any CPU.Build.0 = Debug|Any CPU
		{80894557-C55A-E7B8-77B7-FF829BBD8878}.Release|Any CPU.ActiveCfg = Release|Any CPU
		{80894557-C55A-E7B8-77B7-FF829BBD8878}.Release|Any CPU.Build.0 = Release|Any CPU
		{8E0765BB-736D-31B1-E94C-546953DB7030}.Debug|Any CPU.ActiveCfg = Debug|Any CPU
		{8E0765BB-736D-31B1-E94C-546953DB7030}.Debug|Any CPU.Build.0 = Debug|Any CPU
		{8E0765BB-736D-31B1-E94C-546953DB7030}.Release|Any CPU.ActiveCfg = Release|Any CPU
		{8E0765BB-736D-31B1-E94C-546953DB7030}.Release|Any CPU.Build.0 = Release|Any CPU
	EndGlobalSection
	GlobalSection(SolutionProperties) = preSolution
		HideSolutionNode = FALSE
	EndGlobalSection
EndGlobal
